
Microsoft Visual Studio Solution File, Format Version 12.00
# Visual Studio Version 17
VisualStudioVersion = 17.14.36616.10
MinimumVisualStudioVersion = 10.0.40219.1
Project("{FAE04EC0-301F-11D3-BF4B-00C04F79EFBC}") = "CompilerANTLR", "Lab4LFC\CompilerANTLR.csproj", "{49784D4E-5B59-47B2-A330-695F2AF2B440}"
EndProject
Global
	GlobalSection(SolutionConfigurationPlatforms) = preSolution
		Debug|Any CPU = Debug|Any CPU
		Release|Any CPU = Release|Any CPU
	EndGlobalSection
	GlobalSection(ProjectConfigurationPlatforms) = postSolution
		{49784D4E-5B59-47B2-A330-695F2AF2B440}.Debug|Any CPU.ActiveCfg = Debug|Any CPU
		{49784D4E-5B59-47B2-A330-695F2AF2B440}.Debug|Any CPU.Build.0 = Debug|Any CPU
		{49784D4E-5B59-47B2-A330-695F2AF2B440}.Release|Any CPU.ActiveCfg = Release|Any CPU
		{49784D4E-5B59-47B2-A330-695F2AF2B440}.Release|Any CPU.Build.0 = Release|Any CPU
	EndGlobalSection
	GlobalSection(SolutionProperties) = preSolution
		HideSolutionNode = FALSE
	EndGlobalSection
	GlobalSection(ExtensibilityGlobals) = postSolution
		SolutionGuid = {47DA2288-F8FA-45A3-A00F-E4C00F961C35}
	EndGlobalSection
EndGlobal
